
Microsoft Visual Studio Solution File, Format Version 12.00
# Visual Studio Version 17
VisualStudioVersion = 17.1.32407.343
MinimumVisualStudioVersion = 10.0.40219.1
Project("{8BC9CEB8-8B4A-11D0-8D11-00A0C91BC942}") = "STL常见容器 - string容器 - 2", "STL常见容器 - string容器 - 2\STL常见容器 - string容器 - 2.vcxproj", "{5089563F-A69C-45FA-8733-44DE38D1CCC3}"
EndProject
Global
	GlobalSection(SolutionConfigurationPlatforms) = preSolution
		Debug|x64 = Debug|x64
		Debug|x86 = Debug|x86
		Release|x64 = Release|x64
		Release|x86 = Release|x86
	EndGlobalSection
	GlobalSection(ProjectConfigurationPlatforms) = postSolution
		{5089563F-A69C-45FA-8733-44DE38D1CCC3}.Debug|x64.ActiveCfg = Debug|x64
		{5089563F-A69C-45FA-8733-44DE38D1CCC3}.Debug|x64.Build.0 = Debug|x64
		{5089563F-A69C-45FA-8733-44DE38D1CCC3}.Debug|x86.ActiveCfg = Debug|Win32
		{5089563F-A69C-45FA-8733-44DE38D1CCC3}.Debug|x86.Build.0 = Debug|Win32
		{5089563F-A69C-45FA-8733-44DE38D1CCC3}.Release|x64.ActiveCfg = Release|x64
		{5089563F-A69C-45FA-8733-44DE38D1CCC3}.Release|x64.Build.0 = Release|x64
		{5089563F-A69C-45FA-8733-44DE38D1CCC3}.Release|x86.ActiveCfg = Release|Win32
		{5089563F-A69C-45FA-8733-44DE38D1CCC3}.Release|x86.Build.0 = Release|Win32
	EndGlobalSection
	GlobalSection(SolutionProperties) = preSolution
		HideSolutionNode = FALSE
	EndGlobalSection
	GlobalSection(ExtensibilityGlobals) = postSolution
		SolutionGuid = {A9D6F588-D2C3-4B6B-A538-229AAD12D1A8}
	EndGlobalSection
EndGlobal
