
Microsoft Visual Studio Solution File, Format Version 12.00
# Visual Studio Version 17
VisualStudioVersion = 17.0.32014.148
MinimumVisualStudioVersion = 10.0.40219.1
Project("{8BC9CEB8-8B4A-11D0-8D11-00A0C91BC942}") = "Sort", "Sort\Sort.vcxproj", "{0A70A6DF-E41C-4610-9B54-6B81CA2FE121}"
EndProject
Global
	GlobalSection(SolutionConfigurationPlatforms) = preSolution
		Debug|x64 = Debug|x64
		Debug|x86 = Debug|x86
		Release|x64 = Release|x64
		Release|x86 = Release|x86
	EndGlobalSection
	GlobalSection(ProjectConfigurationPlatforms) = postSolution
		{0A70A6DF-E41C-4610-9B54-6B81CA2FE121}.Debug|x64.ActiveCfg = Debug|x64
		{0A70A6DF-E41C-4610-9B54-6B81CA2FE121}.Debug|x64.Build.0 = Debug|x64
		{0A70A6DF-E41C-4610-9B54-6B81CA2FE121}.Debug|x86.ActiveCfg = Debug|Win32
		{0A70A6DF-E41C-4610-9B54-6B81CA2FE121}.Debug|x86.Build.0 = Debug|Win32
		{0A70A6DF-E41C-4610-9B54-6B81CA2FE121}.Release|x64.ActiveCfg = Release|x64
		{0A70A6DF-E41C-4610-9B54-6B81CA2FE121}.Release|x64.Build.0 = Release|x64
		{0A70A6DF-E41C-4610-9B54-6B81CA2FE121}.Release|x86.ActiveCfg = Release|Win32
		{0A70A6DF-E41C-4610-9B54-6B81CA2FE121}.Release|x86.Build.0 = Release|Win32
	EndGlobalSection
	GlobalSection(SolutionProperties) = preSolution
		HideSolutionNode = FALSE
	EndGlobalSection
	GlobalSection(ExtensibilityGlobals) = postSolution
		SolutionGuid = {1E459EB4-7AB6-4CDE-B5EA-99D033430493}
	EndGlobalSection
EndGlobal
