
Microsoft Visual Studio Solution File, Format Version 12.00
# Visual Studio Version 17
VisualStudioVersion = 17.1.32407.343
MinimumVisualStudioVersion = 10.0.40219.1
Project("{8BC9CEB8-8B4A-11D0-8D11-00A0C91BC942}") = "类模板案例", "类模板案例\类模板案例.vcxproj", "{688BB04B-99A4-4283-96A9-9B2444D9B4CF}"
EndProject
Global
	GlobalSection(SolutionConfigurationPlatforms) = preSolution
		Debug|x64 = Debug|x64
		Debug|x86 = Debug|x86
		Release|x64 = Release|x64
		Release|x86 = Release|x86
	EndGlobalSection
	GlobalSection(ProjectConfigurationPlatforms) = postSolution
		{688BB04B-99A4-4283-96A9-9B2444D9B4CF}.Debug|x64.ActiveCfg = Debug|x64
		{688BB04B-99A4-4283-96A9-9B2444D9B4CF}.Debug|x64.Build.0 = Debug|x64
		{688BB04B-99A4-4283-96A9-9B2444D9B4CF}.Debug|x86.ActiveCfg = Debug|Win32
		{688BB04B-99A4-4283-96A9-9B2444D9B4CF}.Debug|x86.Build.0 = Debug|Win32
		{688BB04B-99A4-4283-96A9-9B2444D9B4CF}.Release|x64.ActiveCfg = Release|x64
		{688BB04B-99A4-4283-96A9-9B2444D9B4CF}.Release|x64.Build.0 = Release|x64
		{688BB04B-99A4-4283-96A9-9B2444D9B4CF}.Release|x86.ActiveCfg = Release|Win32
		{688BB04B-99A4-4283-96A9-9B2444D9B4CF}.Release|x86.Build.0 = Release|Win32
	EndGlobalSection
	GlobalSection(SolutionProperties) = preSolution
		HideSolutionNode = FALSE
	EndGlobalSection
	GlobalSection(ExtensibilityGlobals) = postSolution
		SolutionGuid = {EA844604-91BB-4CA2-890E-8C24748BF54A}
	EndGlobalSection
EndGlobal
