
Microsoft Visual Studio Solution File, Format Version 12.00
# Visual Studio Version 17
VisualStudioVersion = 17.1.32407.343
MinimumVisualStudioVersion = 10.0.40219.1
Project("{8BC9CEB8-8B4A-11D0-8D11-00A0C91BC942}") = "test_5_11", "test_5_11\test_5_11.vcxproj", "{DED28438-B1EE-470A-8313-3DD69F59B6FA}"
EndProject
Global
	GlobalSection(SolutionConfigurationPlatforms) = preSolution
		Debug|x64 = Debug|x64
		Debug|x86 = Debug|x86
		Release|x64 = Release|x64
		Release|x86 = Release|x86
	EndGlobalSection
	GlobalSection(ProjectConfigurationPlatforms) = postSolution
		{DED28438-B1EE-470A-8313-3DD69F59B6FA}.Debug|x64.ActiveCfg = Debug|x64
		{DED28438-B1EE-470A-8313-3DD69F59B6FA}.Debug|x64.Build.0 = Debug|x64
		{DED28438-B1EE-470A-8313-3DD69F59B6FA}.Debug|x86.ActiveCfg = Debug|Win32
		{DED28438-B1EE-470A-8313-3DD69F59B6FA}.Debug|x86.Build.0 = Debug|Win32
		{DED28438-B1EE-470A-8313-3DD69F59B6FA}.Release|x64.ActiveCfg = Release|x64
		{DED28438-B1EE-470A-8313-3DD69F59B6FA}.Release|x64.Build.0 = Release|x64
		{DED28438-B1EE-470A-8313-3DD69F59B6FA}.Release|x86.ActiveCfg = Release|Win32
		{DED28438-B1EE-470A-8313-3DD69F59B6FA}.Release|x86.Build.0 = Release|Win32
	EndGlobalSection
	GlobalSection(SolutionProperties) = preSolution
		HideSolutionNode = FALSE
	EndGlobalSection
	GlobalSection(ExtensibilityGlobals) = postSolution
		SolutionGuid = {1C340B8B-8E68-4FEF-BB5D-72F77A52FDCC}
	EndGlobalSection
EndGlobal
