
Microsoft Visual Studio Solution File, Format Version 12.00
# Visual Studio 15
VisualStudioVersion = 15.0.28307.1525
MinimumVisualStudioVersion = 10.0.40219.1
Project("{8BC9CEB8-8B4A-11D0-8D11-00A0C91BC942}") = "test_9_23", "test_9_23\test_9_23.vcxproj", "{25C7728F-D1F8-4AED-93A0-AA71C0FB0BA4}"
EndProject
Global
	GlobalSection(SolutionConfigurationPlatforms) = preSolution
		Debug|x64 = Debug|x64
		Debug|x86 = Debug|x86
		Release|x64 = Release|x64
		Release|x86 = Release|x86
	EndGlobalSection
	GlobalSection(ProjectConfigurationPlatforms) = postSolution
		{25C7728F-D1F8-4AED-93A0-AA71C0FB0BA4}.Debug|x64.ActiveCfg = Debug|x64
		{25C7728F-D1F8-4AED-93A0-AA71C0FB0BA4}.Debug|x64.Build.0 = Debug|x64
		{25C7728F-D1F8-4AED-93A0-AA71C0FB0BA4}.Debug|x86.ActiveCfg = Debug|Win32
		{25C7728F-D1F8-4AED-93A0-AA71C0FB0BA4}.Debug|x86.Build.0 = Debug|Win32
		{25C7728F-D1F8-4AED-93A0-AA71C0FB0BA4}.Release|x64.ActiveCfg = Release|x64
		{25C7728F-D1F8-4AED-93A0-AA71C0FB0BA4}.Release|x64.Build.0 = Release|x64
		{25C7728F-D1F8-4AED-93A0-AA71C0FB0BA4}.Release|x86.ActiveCfg = Release|Win32
		{25C7728F-D1F8-4AED-93A0-AA71C0FB0BA4}.Release|x86.Build.0 = Release|Win32
	EndGlobalSection
	GlobalSection(SolutionProperties) = preSolution
		HideSolutionNode = FALSE
	EndGlobalSection
	GlobalSection(ExtensibilityGlobals) = postSolution
		SolutionGuid = {17100CCD-3B31-4CEB-9804-6520306BC3ED}
	EndGlobalSection
EndGlobal
